
Microsoft Visual Studio Solution File, Format Version 12.00
# Visual Studio 14
VisualStudioVersion = 14.0.23107.0
MinimumVisualStudioVersion = 10.0.40219.1
Project("{FAE04EC0-301F-11D3-BF4B-00C04F79EFBC}") = "Catnap.Server", ".\Catnap.Server\Catnap.Server.csproj", "{1ED5F504-DBE7-45FE-A968-F3F71B26B67E}"
EndProject
Project("{FAE04EC0-301F-11D3-BF4B-00C04F79EFBC}") = "Catnap.Server.Tests", ".\Catnap.Server.Tests\Catnap.Server.Tests.csproj", "{4E4B10D5-66A7-4EA9-9D98-637C653379AB}"
EndProject
Global
	GlobalSection(SolutionConfigurationPlatforms) = preSolution
		Debug|Any CPU = Debug|Any CPU
		Debug|ARM = Debug|ARM
		Debug|x64 = Debug|x64
		Debug|x86 = Debug|x86
		Release|Any CPU = Release|Any CPU
		Release|ARM = Release|ARM
		Release|x64 = Release|x64
		Release|x86 = Release|x86
	EndGlobalSection
	GlobalSection(ProjectConfigurationPlatforms) = postSolution
		{1ED5F504-DBE7-45FE-A968-F3F71B26B67E}.Debug|Any CPU.ActiveCfg = Debug|Any CPU
		{1ED5F504-DBE7-45FE-A968-F3F71B26B67E}.Debug|Any CPU.Build.0 = Debug|Any CPU
		{1ED5F504-DBE7-45FE-A968-F3F71B26B67E}.Debug|ARM.ActiveCfg = Debug|ARM
		{1ED5F504-DBE7-45FE-A968-F3F71B26B67E}.Debug|ARM.Build.0 = Debug|ARM
		{1ED5F504-DBE7-45FE-A968-F3F71B26B67E}.Debug|x64.ActiveCfg = Debug|x64
		{1ED5F504-DBE7-45FE-A968-F3F71B26B67E}.Debug|x64.Build.0 = Debug|x64
		{1ED5F504-DBE7-45FE-A968-F3F71B26B67E}.Debug|x86.ActiveCfg = Debug|x86
		{1ED5F504-DBE7-45FE-A968-F3F71B26B67E}.Debug|x86.Build.0 = Debug|x86
		{1ED5F504-DBE7-45FE-A968-F3F71B26B67E}.Release|Any CPU.ActiveCfg = Release|Any CPU
		{1ED5F504-DBE7-45FE-A968-F3F71B26B67E}.Release|Any CPU.Build.0 = Release|Any CPU
		{1ED5F504-DBE7-45FE-A968-F3F71B26B67E}.Release|ARM.ActiveCfg = Release|ARM
		{1ED5F504-DBE7-45FE-A968-F3F71B26B67E}.Release|ARM.Build.0 = Release|ARM
		{1ED5F504-DBE7-45FE-A968-F3F71B26B67E}.Release|x64.ActiveCfg = Release|x64
		{1ED5F504-DBE7-45FE-A968-F3F71B26B67E}.Release|x64.Build.0 = Release|x64
		{1ED5F504-DBE7-45FE-A968-F3F71B26B67E}.Release|x86.ActiveCfg = Release|x86
		{1ED5F504-DBE7-45FE-A968-F3F71B26B67E}.Release|x86.Build.0 = Release|x86
		{4E4B10D5-66A7-4EA9-9D98-637C653379AB}.Debug|Any CPU.ActiveCfg = Debug|x86
		{4E4B10D5-66A7-4EA9-9D98-637C653379AB}.Debug|ARM.ActiveCfg = Debug|ARM
		{4E4B10D5-66A7-4EA9-9D98-637C653379AB}.Debug|ARM.Build.0 = Debug|ARM
		{4E4B10D5-66A7-4EA9-9D98-637C653379AB}.Debug|ARM.Deploy.0 = Debug|ARM
		{4E4B10D5-66A7-4EA9-9D98-637C653379AB}.Debug|x64.ActiveCfg = Debug|x64
		{4E4B10D5-66A7-4EA9-9D98-637C653379AB}.Debug|x64.Build.0 = Debug|x64
		{4E4B10D5-66A7-4EA9-9D98-637C653379AB}.Debug|x64.Deploy.0 = Debug|x64
		{4E4B10D5-66A7-4EA9-9D98-637C653379AB}.Debug|x86.ActiveCfg = Debug|x86
		{4E4B10D5-66A7-4EA9-9D98-637C653379AB}.Debug|x86.Build.0 = Debug|x86
		{4E4B10D5-66A7-4EA9-9D98-637C653379AB}.Debug|x86.Deploy.0 = Debug|x86
		{4E4B10D5-66A7-4EA9-9D98-637C653379AB}.Release|Any CPU.ActiveCfg = Release|x86
		{4E4B10D5-66A7-4EA9-9D98-637C653379AB}.Release|ARM.ActiveCfg = Release|ARM
		{4E4B10D5-66A7-4EA9-9D98-637C653379AB}.Release|ARM.Build.0 = Release|ARM
		{4E4B10D5-66A7-4EA9-9D98-637C653379AB}.Release|ARM.Deploy.0 = Release|ARM
		{4E4B10D5-66A7-4EA9-9D98-637C653379AB}.Release|x64.ActiveCfg = Release|x64
		{4E4B10D5-66A7-4EA9-9D98-637C653379AB}.Release|x64.Build.0 = Release|x64
		{4E4B10D5-66A7-4EA9-9D98-637C653379AB}.Release|x64.Deploy.0 = Release|x64
		{4E4B10D5-66A7-4EA9-9D98-637C653379AB}.Release|x86.ActiveCfg = Release|x86
		{4E4B10D5-66A7-4EA9-9D98-637C653379AB}.Release|x86.Build.0 = Release|x86
		{4E4B10D5-66A7-4EA9-9D98-637C653379AB}.Release|x86.Deploy.0 = Release|x86
	EndGlobalSection
	GlobalSection(SolutionProperties) = preSolution
		HideSolutionNode = FALSE
	EndGlobalSection
EndGlobal
